
Microsoft Visual Studio Solution File, Format Version 12.00
# Visual Studio Version 17
VisualStudioVersion = 17.9.34902.65
MinimumVisualStudioVersion = 10.0.40219.1
Project("{FAE04EC0-301F-11D3-BF4B-00C04F79EFBC}") = "Ödev1", "Ödev1\Ödev1.csproj", "{2A24F30C-CD38-4D0E-9924-005E253CC29D}"
EndProject
Global
	GlobalSection(SolutionConfigurationPlatforms) = preSolution
		Debug|Any CPU = Debug|Any CPU
		Release|Any CPU = Release|Any CPU
	EndGlobalSection
	GlobalSection(ProjectConfigurationPlatforms) = postSolution
		{2A24F30C-CD38-4D0E-9924-005E253CC29D}.Debug|Any CPU.ActiveCfg = Debug|Any CPU
		{2A24F30C-CD38-4D0E-9924-005E253CC29D}.Debug|Any CPU.Build.0 = Debug|Any CPU
		{2A24F30C-CD38-4D0E-9924-005E253CC29D}.Release|Any CPU.ActiveCfg = Release|Any CPU
		{2A24F30C-CD38-4D0E-9924-005E253CC29D}.Release|Any CPU.Build.0 = Release|Any CPU
	EndGlobalSection
	GlobalSection(SolutionProperties) = preSolution
		HideSolutionNode = FALSE
	EndGlobalSection
	GlobalSection(ExtensibilityGlobals) = postSolution
		SolutionGuid = {4889BA5E-EA6B-4C74-ACDD-00A9D2525E5A}
	EndGlobalSection
EndGlobal
